
Microsoft Visual Studio Solution File, Format Version 12.00
# Visual Studio 15
VisualStudioVersion = 15.0.27703.2035
MinimumVisualStudioVersion = 10.0.40219.1
Project("{FAE04EC0-301F-11D3-BF4B-00C04F79EFBC}") = "ypn.common.csharp", "ypn.common.csharp\ypn.common.csharp.csproj", "{72838B78-0D3C-4E13-BD1D-0F22E5F11E97}"
EndProject
Project("{FAE04EC0-301F-11D3-BF4B-00C04F79EFBC}") = "Test", "Test\Test.csproj", "{BBC7BA77-2A86-43D8-92D2-7FC9DE7887BB}"
EndProject
Global
	GlobalSection(SolutionConfigurationPlatforms) = preSolution
		Debug|Any CPU = Debug|Any CPU
		Release|Any CPU = Release|Any CPU
	EndGlobalSection
	GlobalSection(ProjectConfigurationPlatforms) = postSolution
		{72838B78-0D3C-4E13-BD1D-0F22E5F11E97}.Debug|Any CPU.ActiveCfg = Debug|Any CPU
		{72838B78-0D3C-4E13-BD1D-0F22E5F11E97}.Debug|Any CPU.Build.0 = Debug|Any CPU
		{72838B78-0D3C-4E13-BD1D-0F22E5F11E97}.Release|Any CPU.ActiveCfg = Release|Any CPU
		{72838B78-0D3C-4E13-BD1D-0F22E5F11E97}.Release|Any CPU.Build.0 = Release|Any CPU
		{BBC7BA77-2A86-43D8-92D2-7FC9DE7887BB}.Debug|Any CPU.ActiveCfg = Debug|Any CPU
		{BBC7BA77-2A86-43D8-92D2-7FC9DE7887BB}.Debug|Any CPU.Build.0 = Debug|Any CPU
		{BBC7BA77-2A86-43D8-92D2-7FC9DE7887BB}.Release|Any CPU.ActiveCfg = Release|Any CPU
		{BBC7BA77-2A86-43D8-92D2-7FC9DE7887BB}.Release|Any CPU.Build.0 = Release|Any CPU
	EndGlobalSection
	GlobalSection(SolutionProperties) = preSolution
		HideSolutionNode = FALSE
	EndGlobalSection
	GlobalSection(ExtensibilityGlobals) = postSolution
		SolutionGuid = {3DF513D2-A317-4E98-8658-081DCD34586B}
	EndGlobalSection
EndGlobal
